// !$*UTF8*$!
{
	archiveVersion = 1;
	classes = {
	};
	objectVersion = 55;
	objects = {

/* Begin PBXBuildFile section */
		CB01FD42275D3DA7001212F0 /* Types.swift in Sources */ = {isa = PBXBuildFile; fileRef = CB01FD41275D3DA7001212F0 /* Types.swift */; };
		CB01FD48275D4842001212F0 /* Engine.swift in Sources */ = {isa = PBXBuildFile; fileRef = CB01FD47275D4842001212F0 /* Engine.swift */; };
		CB0920FC27751E2C00BEE50E /* Camera.swift in Sources */ = {isa = PBXBuildFile; fileRef = CB0920FB27751E2C00BEE50E /* Camera.swift */; };
		CB0920FE27751F5200BEE50E /* DebugCamera.swift in Sources */ = {isa = PBXBuildFile; fileRef = CB0920FD27751F5200BEE50E /* DebugCamera.swift */; };
		CB0921002775232100BEE50E /* CameraManager.swift in Sources */ = {isa = PBXBuildFile; fileRef = CB0920FF2775232100BEE50E /* CameraManager.swift */; };
		CB302EA6272F1BDA0062CB4B /* GameView.swift in Sources */ = {isa = PBXBuildFile; fileRef = CB302EA5272F1BDA0062CB4B /* GameView.swift */; };
		CB302EA8272F21F90062CB4B /* MyShaders.metal in Sources */ = {isa = PBXBuildFile; fileRef = CB302EA7272F21F90062CB4B /* MyShaders.metal */; };
		CB5BD3F1275D4A230044D1F1 /* Preferences.swift in Sources */ = {isa = PBXBuildFile; fileRef = CB5BD3F0275D4A230044D1F1 /* Preferences.swift */; };
		CB62472C272F10DB000F03A6 /* AppDelegate.swift in Sources */ = {isa = PBXBuildFile; fileRef = CB62472B272F10DB000F03A6 /* AppDelegate.swift */; };
		CB624731272F10DB000F03A6 /* Game_Engine.xcdatamodeld in Sources */ = {isa = PBXBuildFile; fileRef = CB62472F272F10DB000F03A6 /* Game_Engine.xcdatamodeld */; };
		CB624733272F10DE000F03A6 /* Assets.xcassets in Resources */ = {isa = PBXBuildFile; fileRef = CB624732272F10DE000F03A6 /* Assets.xcassets */; };
		CB624736272F10DE000F03A6 /* Main.storyboard in Resources */ = {isa = PBXBuildFile; fileRef = CB624734272F10DE000F03A6 /* Main.storyboard */; };
		CB624741272F10DF000F03A6 /* Game_EngineTests.swift in Sources */ = {isa = PBXBuildFile; fileRef = CB624740272F10DF000F03A6 /* Game_EngineTests.swift */; };
		CB62474B272F10DF000F03A6 /* Game_EngineUITests.swift in Sources */ = {isa = PBXBuildFile; fileRef = CB62474A272F10DF000F03A6 /* Game_EngineUITests.swift */; };
		CB62474D272F10DF000F03A6 /* Game_EngineUITestsLaunchTests.swift in Sources */ = {isa = PBXBuildFile; fileRef = CB62474C272F10DF000F03A6 /* Game_EngineUITestsLaunchTests.swift */; };
		CB9D72A4275D4D3C00BB578A /* ShaderLibrary.swift in Sources */ = {isa = PBXBuildFile; fileRef = CB9D72A3275D4D3C00BB578A /* ShaderLibrary.swift */; };
		CB9D72A6275D9A8A00BB578A /* VertexDescriptorLibrary.swift in Sources */ = {isa = PBXBuildFile; fileRef = CB9D72A5275D9A8A00BB578A /* VertexDescriptorLibrary.swift */; };
		CB9D72A8275DA02000BB578A /* RenderPipelineDescriptorLibrary.swift in Sources */ = {isa = PBXBuildFile; fileRef = CB9D72A7275DA02000BB578A /* RenderPipelineDescriptorLibrary.swift */; };
		CB9D72AA275DA1D800BB578A /* RenderPipelineStateLibrary.swift in Sources */ = {isa = PBXBuildFile; fileRef = CB9D72A9275DA1D800BB578A /* RenderPipelineStateLibrary.swift */; };
		CBC306A1275F34890054B59A /* Renderer.swift in Sources */ = {isa = PBXBuildFile; fileRef = CBC306A0275F34890054B59A /* Renderer.swift */; };
		CBC306A3275F34940054B59A /* GameObject.swift in Sources */ = {isa = PBXBuildFile; fileRef = CBC306A2275F34940054B59A /* GameObject.swift */; };
		CBC8A9602766C4B9006FCC79 /* Scene.swift in Sources */ = {isa = PBXBuildFile; fileRef = CBC8A95F2766C4B9006FCC79 /* Scene.swift */; };
		CBC8A9622766C687006FCC79 /* SandboxScene.swift in Sources */ = {isa = PBXBuildFile; fileRef = CBC8A9612766C687006FCC79 /* SandboxScene.swift */; };
		CBC8A9652766C8B3006FCC79 /* SceneManager.swift in Sources */ = {isa = PBXBuildFile; fileRef = CBC8A9642766C8B3006FCC79 /* SceneManager.swift */; };
		CBC8A9682766D909006FCC79 /* Keyboard.swift in Sources */ = {isa = PBXBuildFile; fileRef = CBC8A9672766D909006FCC79 /* Keyboard.swift */; };
		CBC8A96A2766DB3B006FCC79 /* KeyCodes.swift in Sources */ = {isa = PBXBuildFile; fileRef = CBC8A9692766DB3B006FCC79 /* KeyCodes.swift */; };
		CBC8A96C2766DDF6006FCC79 /* Mouse.swift in Sources */ = {isa = PBXBuildFile; fileRef = CBC8A96B2766DDF6006FCC79 /* Mouse.swift */; };
		CBEC775E2765802A00B51EAB /* MeshLibrary.swift in Sources */ = {isa = PBXBuildFile; fileRef = CBEC775D2765802A00B51EAB /* MeshLibrary.swift */; };
		CBEC77602765846F00B51EAB /* Pointer.swift in Sources */ = {isa = PBXBuildFile; fileRef = CBEC775F2765846F00B51EAB /* Pointer.swift */; };
		CBEC77622765851100B51EAB /* Node.swift in Sources */ = {isa = PBXBuildFile; fileRef = CBEC77612765851100B51EAB /* Node.swift */; };
		CBEC7765276585F600B51EAB /* Renderable.swift in Sources */ = {isa = PBXBuildFile; fileRef = CBEC7764276585F600B51EAB /* Renderable.swift */; };
		CBEC77692765B6F700B51EAB /* Math.swift in Sources */ = {isa = PBXBuildFile; fileRef = CBEC77682765B6F700B51EAB /* Math.swift */; };
/* End PBXBuildFile section */

/* Begin PBXContainerItemProxy section */
		CB62473D272F10DF000F03A6 /* PBXContainerItemProxy */ = {
			isa = PBXContainerItemProxy;
			containerPortal = CB624720272F10DB000F03A6 /* Project object */;
			proxyType = 1;
			remoteGlobalIDString = CB624727272F10DB000F03A6;
			remoteInfo = "Game Engine";
		};
		CB624747272F10DF000F03A6 /* PBXContainerItemProxy */ = {
			isa = PBXContainerItemProxy;
			containerPortal = CB624720272F10DB000F03A6 /* Project object */;
			proxyType = 1;
			remoteGlobalIDString = CB624727272F10DB000F03A6;
			remoteInfo = "Game Engine";
		};
/* End PBXContainerItemProxy section */

/* Begin PBXFileReference section */
		CB01FD41275D3DA7001212F0 /* Types.swift */ = {isa = PBXFileReference; lastKnownFileType = sourcecode.swift; path = Types.swift; sourceTree = "<group>"; };
		CB01FD47275D4842001212F0 /* Engine.swift */ = {isa = PBXFileReference; lastKnownFileType = sourcecode.swift; path = Engine.swift; sourceTree = "<group>"; };
		CB0920FB27751E2C00BEE50E /* Camera.swift */ = {isa = PBXFileReference; lastKnownFileType = sourcecode.swift; path = Camera.swift; sourceTree = "<group>"; };
		CB0920FD27751F5200BEE50E /* DebugCamera.swift */ = {isa = PBXFileReference; lastKnownFileType = sourcecode.swift; path = DebugCamera.swift; sourceTree = "<group>"; };
		CB0920FF2775232100BEE50E /* CameraManager.swift */ = {isa = PBXFileReference; lastKnownFileType = sourcecode.swift; path = CameraManager.swift; sourceTree = "<group>"; };
		CB302EA5272F1BDA0062CB4B /* GameView.swift */ = {isa = PBXFileReference; lastKnownFileType = sourcecode.swift; path = GameView.swift; sourceTree = "<group>"; };
		CB302EA7272F21F90062CB4B /* MyShaders.metal */ = {isa = PBXFileReference; lastKnownFileType = sourcecode.metal; path = MyShaders.metal; sourceTree = "<group>"; };
		CB5BD3F0275D4A230044D1F1 /* Preferences.swift */ = {isa = PBXFileReference; lastKnownFileType = sourcecode.swift; path = Preferences.swift; sourceTree = "<group>"; };
		CB624728272F10DB000F03A6 /* Game Engine.app */ = {isa = PBXFileReference; explicitFileType = wrapper.application; includeInIndex = 0; path = "Game Engine.app"; sourceTree = BUILT_PRODUCTS_DIR; };
		CB62472B272F10DB000F03A6 /* AppDelegate.swift */ = {isa = PBXFileReference; lastKnownFileType = sourcecode.swift; path = AppDelegate.swift; sourceTree = "<group>"; };
		CB624730272F10DB000F03A6 /* Game_Engine.xcdatamodel */ = {isa = PBXFileReference; lastKnownFileType = wrapper.xcdatamodel; path = Game_Engine.xcdatamodel; sourceTree = "<group>"; };
		CB624732272F10DE000F03A6 /* Assets.xcassets */ = {isa = PBXFileReference; lastKnownFileType = folder.assetcatalog; path = Assets.xcassets; sourceTree = "<group>"; };
		CB624735272F10DE000F03A6 /* Base */ = {isa = PBXFileReference; lastKnownFileType = file.storyboard; name = Base; path = Base.lproj/Main.storyboard; sourceTree = "<group>"; };
		CB624737272F10DF000F03A6 /* Game_Engine.entitlements */ = {isa = PBXFileReference; lastKnownFileType = text.plist.entitlements; path = Game_Engine.entitlements; sourceTree = "<group>"; };
		CB62473C272F10DF000F03A6 /* Game EngineTests.xctest */ = {isa = PBXFileReference; explicitFileType = wrapper.cfbundle; includeInIndex = 0; path = "Game EngineTests.xctest"; sourceTree = BUILT_PRODUCTS_DIR; };
		CB624740272F10DF000F03A6 /* Game_EngineTests.swift */ = {isa = PBXFileReference; lastKnownFileType = sourcecode.swift; path = Game_EngineTests.swift; sourceTree = "<group>"; };
		CB624746272F10DF000F03A6 /* Game EngineUITests.xctest */ = {isa = PBXFileReference; explicitFileType = wrapper.cfbundle; includeInIndex = 0; path = "Game EngineUITests.xctest"; sourceTree = BUILT_PRODUCTS_DIR; };
		CB62474A272F10DF000F03A6 /* Game_EngineUITests.swift */ = {isa = PBXFileReference; lastKnownFileType = sourcecode.swift; path = Game_EngineUITests.swift; sourceTree = "<group>"; };
		CB62474C272F10DF000F03A6 /* Game_EngineUITestsLaunchTests.swift */ = {isa = PBXFileReference; lastKnownFileType = sourcecode.swift; path = Game_EngineUITestsLaunchTests.swift; sourceTree = "<group>"; };
		CB9D72A3275D4D3C00BB578A /* ShaderLibrary.swift */ = {isa = PBXFileReference; lastKnownFileType = sourcecode.swift; path = ShaderLibrary.swift; sourceTree = "<group>"; };
		CB9D72A5275D9A8A00BB578A /* VertexDescriptorLibrary.swift */ = {isa = PBXFileReference; lastKnownFileType = sourcecode.swift; path = VertexDescriptorLibrary.swift; sourceTree = "<group>"; };
		CB9D72A7275DA02000BB578A /* RenderPipelineDescriptorLibrary.swift */ = {isa = PBXFileReference; lastKnownFileType = sourcecode.swift; path = RenderPipelineDescriptorLibrary.swift; sourceTree = "<group>"; };
		CB9D72A9275DA1D800BB578A /* RenderPipelineStateLibrary.swift */ = {isa = PBXFileReference; lastKnownFileType = sourcecode.swift; path = RenderPipelineStateLibrary.swift; sourceTree = "<group>"; };
		CBC306A0275F34890054B59A /* Renderer.swift */ = {isa = PBXFileReference; lastKnownFileType = sourcecode.swift; path = Renderer.swift; sourceTree = "<group>"; };
		CBC306A2275F34940054B59A /* GameObject.swift */ = {isa = PBXFileReference; lastKnownFileType = sourcecode.swift; path = GameObject.swift; sourceTree = "<group>"; };
		CBC8A95F2766C4B9006FCC79 /* Scene.swift */ = {isa = PBXFileReference; lastKnownFileType = sourcecode.swift; path = Scene.swift; sourceTree = "<group>"; };
		CBC8A9612766C687006FCC79 /* SandboxScene.swift */ = {isa = PBXFileReference; lastKnownFileType = sourcecode.swift; path = SandboxScene.swift; sourceTree = "<group>"; };
		CBC8A9642766C8B3006FCC79 /* SceneManager.swift */ = {isa = PBXFileReference; lastKnownFileType = sourcecode.swift; path = SceneManager.swift; sourceTree = "<group>"; };
		CBC8A9672766D909006FCC79 /* Keyboard.swift */ = {isa = PBXFileReference; lastKnownFileType = sourcecode.swift; path = Keyboard.swift; sourceTree = "<group>"; };
		CBC8A9692766DB3B006FCC79 /* KeyCodes.swift */ = {isa = PBXFileReference; lastKnownFileType = sourcecode.swift; path = KeyCodes.swift; sourceTree = "<group>"; };
		CBC8A96B2766DDF6006FCC79 /* Mouse.swift */ = {isa = PBXFileReference; lastKnownFileType = sourcecode.swift; path = Mouse.swift; sourceTree = "<group>"; };
		CBEC775D2765802A00B51EAB /* MeshLibrary.swift */ = {isa = PBXFileReference; lastKnownFileType = sourcecode.swift; path = MeshLibrary.swift; sourceTree = "<group>"; };
		CBEC775F2765846F00B51EAB /* Pointer.swift */ = {isa = PBXFileReference; lastKnownFileType = sourcecode.swift; path = Pointer.swift; sourceTree = "<group>"; };
		CBEC77612765851100B51EAB /* Node.swift */ = {isa = PBXFileReference; lastKnownFileType = sourcecode.swift; path = Node.swift; sourceTree = "<group>"; };
		CBEC7764276585F600B51EAB /* Renderable.swift */ = {isa = PBXFileReference; lastKnownFileType = sourcecode.swift; path = Renderable.swift; sourceTree = "<group>"; };
		CBEC77682765B6F700B51EAB /* Math.swift */ = {isa = PBXFileReference; lastKnownFileType = sourcecode.swift; path = Math.swift; sourceTree = "<group>"; };
/* End PBXFileReference section */

/* Begin PBXFrameworksBuildPhase section */
		CB624725272F10DB000F03A6 /* Frameworks */ = {
			isa = PBXFrameworksBuildPhase;
			buildActionMask = 2147483647;
			files = (
			);
			runOnlyForDeploymentPostprocessing = 0;
		};
		CB624739272F10DF000F03A6 /* Frameworks */ = {
			isa = PBXFrameworksBuildPhase;
			buildActionMask = 2147483647;
			files = (
			);
			runOnlyForDeploymentPostprocessing = 0;
		};
		CB624743272F10DF000F03A6 /* Frameworks */ = {
			isa = PBXFrameworksBuildPhase;
			buildActionMask = 2147483647;
			files = (
			);
			runOnlyForDeploymentPostprocessing = 0;
		};
/* End PBXFrameworksBuildPhase section */

/* Begin PBXGroup section */
		CB01FD43275D43A3001212F0 /* Core */ = {
			isa = PBXGroup;
			children = (
				CBC8A9662766D8F0006FCC79 /* Input */,
				CB01FD41275D3DA7001212F0 /* Types.swift */,
				CB01FD47275D4842001212F0 /* Engine.swift */,
				CB5BD3F0275D4A230044D1F1 /* Preferences.swift */,
			);
			path = Core;
			sourceTree = "<group>";
		};
		CB01FD44275D43A9001212F0 /* Shaders */ = {
			isa = PBXGroup;
			children = (
				CB302EA7272F21F90062CB4B /* MyShaders.metal */,
			);
			path = Shaders;
			sourceTree = "<group>";
		};
		CB01FD45275D43BA001212F0 /* Display */ = {
			isa = PBXGroup;
			children = (
				CB624734272F10DE000F03A6 /* Main.storyboard */,
				CB302EA5272F1BDA0062CB4B /* GameView.swift */,
				CBC306A0275F34890054B59A /* Renderer.swift */,
			);
			path = Display;
			sourceTree = "<group>";
		};
		CB01FD46275D43CA001212F0 /* Libraries */ = {
			isa = PBXGroup;
			children = (
				CB9D72A3275D4D3C00BB578A /* ShaderLibrary.swift */,
				CB9D72A5275D9A8A00BB578A /* VertexDescriptorLibrary.swift */,
				CB9D72A7275DA02000BB578A /* RenderPipelineDescriptorLibrary.swift */,
				CB9D72A9275DA1D800BB578A /* RenderPipelineStateLibrary.swift */,
				CBEC775D2765802A00B51EAB /* MeshLibrary.swift */,
			);
			path = Libraries;
			sourceTree = "<group>";
		};
		CB0920FA27751DF700BEE50E /* Cameras */ = {
			isa = PBXGroup;
			children = (
				CB0920FB27751E2C00BEE50E /* Camera.swift */,
				CB0920FD27751F5200BEE50E /* DebugCamera.swift */,
			);
			path = Cameras;
			sourceTree = "<group>";
		};
		CB302EA4272F14860062CB4B /* Other Files */ = {
			isa = PBXGroup;
			children = (
				CB62472B272F10DB000F03A6 /* AppDelegate.swift */,
				CB624732272F10DE000F03A6 /* Assets.xcassets */,
				CB624737272F10DF000F03A6 /* Game_Engine.entitlements */,
				CB62472F272F10DB000F03A6 /* Game_Engine.xcdatamodeld */,
			);
			path = "Other Files";
			sourceTree = "<group>";
		};
		CB62471F272F10DB000F03A6 = {
			isa = PBXGroup;
			children = (
				CB62472A272F10DB000F03A6 /* Game Engine */,
				CB62473F272F10DF000F03A6 /* Game EngineTests */,
				CB624749272F10DF000F03A6 /* Game EngineUITests */,
				CB624729272F10DB000F03A6 /* Products */,
			);
			sourceTree = "<group>";
		};
		CB624729272F10DB000F03A6 /* Products */ = {
			isa = PBXGroup;
			children = (
				CB624728272F10DB000F03A6 /* Game Engine.app */,
				CB62473C272F10DF000F03A6 /* Game EngineTests.xctest */,
				CB624746272F10DF000F03A6 /* Game EngineUITests.xctest */,
			);
			name = Products;
			sourceTree = "<group>";
		};
		CB62472A272F10DB000F03A6 /* Game Engine */ = {
			isa = PBXGroup;
			children = (
				CBC8A9632766C8A7006FCC79 /* Managers */,
				CBEC77672765B6ED00B51EAB /* Math */,
				CB01FD43275D43A3001212F0 /* Core */,
				CBC3069F275F346D0054B59A /* Game Files */,
				CB01FD46275D43CA001212F0 /* Libraries */,
				CB01FD44275D43A9001212F0 /* Shaders */,
				CB01FD45275D43BA001212F0 /* Display */,
				CB302EA4272F14860062CB4B /* Other Files */,
			);
			path = "Game Engine";
			sourceTree = "<group>";
		};
		CB62473F272F10DF000F03A6 /* Game EngineTests */ = {
			isa = PBXGroup;
			children = (
				CB624740272F10DF000F03A6 /* Game_EngineTests.swift */,
			);
			path = "Game EngineTests";
			sourceTree = "<group>";
		};
		CB624749272F10DF000F03A6 /* Game EngineUITests */ = {
			isa = PBXGroup;
			children = (
				CB62474A272F10DF000F03A6 /* Game_EngineUITests.swift */,
				CB62474C272F10DF000F03A6 /* Game_EngineUITestsLaunchTests.swift */,
			);
			path = "Game EngineUITests";
			sourceTree = "<group>";
		};
		CBC3069F275F346D0054B59A /* Game Files */ = {
			isa = PBXGroup;
			children = (
				CBEC77612765851100B51EAB /* Node.swift */,
				CB0920FA27751DF700BEE50E /* Cameras */,
				CBEC77662765872E00B51EAB /* Game Objects */,
				CBC8A95E2766C4A2006FCC79 /* Scenes */,
				CBEC7763276585EA00B51EAB /* Protocols */,
			);
			path = "Game Files";
			sourceTree = "<group>";
		};
		CBC8A95E2766C4A2006FCC79 /* Scenes */ = {
			isa = PBXGroup;
			children = (
				CBC8A95F2766C4B9006FCC79 /* Scene.swift */,
				CBC8A9612766C687006FCC79 /* SandboxScene.swift */,
			);
			path = Scenes;
			sourceTree = "<group>";
		};
		CBC8A9632766C8A7006FCC79 /* Managers */ = {
			isa = PBXGroup;
			children = (
				CBC8A9642766C8B3006FCC79 /* SceneManager.swift */,
				CB0920FF2775232100BEE50E /* CameraManager.swift */,
			);
			path = Managers;
			sourceTree = "<group>";
		};
		CBC8A9662766D8F0006FCC79 /* Input */ = {
			isa = PBXGroup;
			children = (
				CBC8A9672766D909006FCC79 /* Keyboard.swift */,
				CBC8A9692766DB3B006FCC79 /* KeyCodes.swift */,
				CBC8A96B2766DDF6006FCC79 /* Mouse.swift */,
			);
			path = Input;
			sourceTree = "<group>";
		};
		CBEC7763276585EA00B51EAB /* Protocols */ = {
			isa = PBXGroup;
			children = (
				CBEC7764276585F600B51EAB /* Renderable.swift */,
			);
			path = Protocols;
			sourceTree = "<group>";
		};
		CBEC77662765872E00B51EAB /* Game Objects */ = {
			isa = PBXGroup;
			children = (
				CBC306A2275F34940054B59A /* GameObject.swift */,
				CBEC775F2765846F00B51EAB /* Pointer.swift */,
			);
			path = "Game Objects";
			sourceTree = "<group>";
		};
		CBEC77672765B6ED00B51EAB /* Math */ = {
			isa = PBXGroup;
			children = (
				CBEC77682765B6F700B51EAB /* Math.swift */,
			);
			path = Math;
			sourceTree = "<group>";
		};
/* End PBXGroup section */

/* Begin PBXNativeTarget section */
		CB624727272F10DB000F03A6 /* Game Engine */ = {
			isa = PBXNativeTarget;
			buildConfigurationList = CB624750272F10DF000F03A6 /* Build configuration list for PBXNativeTarget "Game Engine" */;
			buildPhases = (
				CB624724272F10DB000F03A6 /* Sources */,
				CB624725272F10DB000F03A6 /* Frameworks */,
				CB624726272F10DB000F03A6 /* Resources */,
			);
			buildRules = (
			);
			dependencies = (
			);
			name = "Game Engine";
			productName = "Game Engine";
			productReference = CB624728272F10DB000F03A6 /* Game Engine.app */;
			productType = "com.apple.product-type.application";
		};
		CB62473B272F10DF000F03A6 /* Game EngineTests */ = {
			isa = PBXNativeTarget;
			buildConfigurationList = CB624753272F10DF000F03A6 /* Build configuration list for PBXNativeTarget "Game EngineTests" */;
			buildPhases = (
				CB624738272F10DF000F03A6 /* Sources */,
				CB624739272F10DF000F03A6 /* Frameworks */,
				CB62473A272F10DF000F03A6 /* Resources */,
			);
			buildRules = (
			);
			dependencies = (
				CB62473E272F10DF000F03A6 /* PBXTargetDependency */,
			);
			name = "Game EngineTests";
			productName = "Game EngineTests";
			productReference = CB62473C272F10DF000F03A6 /* Game EngineTests.xctest */;
			productType = "com.apple.product-type.bundle.unit-test";
		};
		CB624745272F10DF000F03A6 /* Game EngineUITests */ = {
			isa = PBXNativeTarget;
			buildConfigurationList = CB624756272F10DF000F03A6 /* Build configuration list for PBXNativeTarget "Game EngineUITests" */;
			buildPhases = (
				CB624742272F10DF000F03A6 /* Sources */,
				CB624743272F10DF000F03A6 /* Frameworks */,
				CB624744272F10DF000F03A6 /* Resources */,
			);
			buildRules = (
			);
			dependencies = (
				CB624748272F10DF000F03A6 /* PBXTargetDependency */,
			);
			name = "Game EngineUITests";
			productName = "Game EngineUITests";
			productReference = CB624746272F10DF000F03A6 /* Game EngineUITests.xctest */;
			productType = "com.apple.product-type.bundle.ui-testing";
		};
/* End PBXNativeTarget section */

/* Begin PBXProject section */
		CB624720272F10DB000F03A6 /* Project object */ = {
			isa = PBXProject;
			attributes = {
				BuildIndependentTargetsInParallel = 1;
				LastSwiftUpdateCheck = 1310;
				LastUpgradeCheck = 1310;
				TargetAttributes = {
					CB624727272F10DB000F03A6 = {
						CreatedOnToolsVersion = 13.1;
					};
					CB62473B272F10DF000F03A6 = {
						CreatedOnToolsVersion = 13.1;
						TestTargetID = CB624727272F10DB000F03A6;
					};
					CB624745272F10DF000F03A6 = {
						CreatedOnToolsVersion = 13.1;
						TestTargetID = CB624727272F10DB000F03A6;
					};
				};
			};
			buildConfigurationList = CB624723272F10DB000F03A6 /* Build configuration list for PBXProject "Game Engine" */;
			compatibilityVersion = "Xcode 13.0";
			developmentRegion = en;
			hasScannedForEncodings = 0;
			knownRegions = (
				en,
				Base,
			);
			mainGroup = CB62471F272F10DB000F03A6;
			productRefGroup = CB624729272F10DB000F03A6 /* Products */;
			projectDirPath = "";
			projectRoot = "";
			targets = (
				CB624727272F10DB000F03A6 /* Game Engine */,
				CB62473B272F10DF000F03A6 /* Game EngineTests */,
				CB624745272F10DF000F03A6 /* Game EngineUITests */,
			);
		};
/* End PBXProject section */

/* Begin PBXResourcesBuildPhase section */
		CB624726272F10DB000F03A6 /* Resources */ = {
			isa = PBXResourcesBuildPhase;
			buildActionMask = 2147483647;
			files = (
				CB624733272F10DE000F03A6 /* Assets.xcassets in Resources */,
				CB624736272F10DE000F03A6 /* Main.storyboard in Resources */,
			);
			runOnlyForDeploymentPostprocessing = 0;
		};
		CB62473A272F10DF000F03A6 /* Resources */ = {
			isa = PBXResourcesBuildPhase;
			buildActionMask = 2147483647;
			files = (
			);
			runOnlyForDeploymentPostprocessing = 0;
		};
		CB624744272F10DF000F03A6 /* Resources */ = {
			isa = PBXResourcesBuildPhase;
			buildActionMask = 2147483647;
			files = (
			);
			runOnlyForDeploymentPostprocessing = 0;
		};
/* End PBXResourcesBuildPhase section */

/* Begin PBXSourcesBuildPhase section */
		CB624724272F10DB000F03A6 /* Sources */ = {
			isa = PBXSourcesBuildPhase;
			buildActionMask = 2147483647;
			files = (
				CBEC7765276585F600B51EAB /* Renderable.swift in Sources */,
				CB9D72A8275DA02000BB578A /* RenderPipelineDescriptorLibrary.swift in Sources */,
				CB9D72A6275D9A8A00BB578A /* VertexDescriptorLibrary.swift in Sources */,
				CBC8A9602766C4B9006FCC79 /* Scene.swift in Sources */,
				CB302EA8272F21F90062CB4B /* MyShaders.metal in Sources */,
				CB5BD3F1275D4A230044D1F1 /* Preferences.swift in Sources */,
				CBEC775E2765802A00B51EAB /* MeshLibrary.swift in Sources */,
				CB0921002775232100BEE50E /* CameraManager.swift in Sources */,
				CBC8A96C2766DDF6006FCC79 /* Mouse.swift in Sources */,
				CB0920FE27751F5200BEE50E /* DebugCamera.swift in Sources */,
				CBC306A3275F34940054B59A /* GameObject.swift in Sources */,
				CBC306A1275F34890054B59A /* Renderer.swift in Sources */,
				CB9D72A4275D4D3C00BB578A /* ShaderLibrary.swift in Sources */,
				CBC8A9652766C8B3006FCC79 /* SceneManager.swift in Sources */,
				CB01FD48275D4842001212F0 /* Engine.swift in Sources */,
				CBC8A9622766C687006FCC79 /* SandboxScene.swift in Sources */,
				CB62472C272F10DB000F03A6 /* AppDelegate.swift in Sources */,
				CBC8A9682766D909006FCC79 /* Keyboard.swift in Sources */,
				CBC8A96A2766DB3B006FCC79 /* KeyCodes.swift in Sources */,
				CBEC77692765B6F700B51EAB /* Math.swift in Sources */,
				CB302EA6272F1BDA0062CB4B /* GameView.swift in Sources */,
				CBEC77622765851100B51EAB /* Node.swift in Sources */,
				CB01FD42275D3DA7001212F0 /* Types.swift in Sources */,
				CB0920FC27751E2C00BEE50E /* Camera.swift in Sources */,
				CB624731272F10DB000F03A6 /* Game_Engine.xcdatamodeld in Sources */,
				CBEC77602765846F00B51EAB /* Pointer.swift in Sources */,
				CB9D72AA275DA1D800BB578A /* RenderPipelineStateLibrary.swift in Sources */,
			);
			runOnlyForDeploymentPostprocessing = 0;
		};
		CB624738272F10DF000F03A6 /* Sources */ = {
			isa = PBXSourcesBuildPhase;
			buildActionMask = 2147483647;
			files = (
				CB624741272F10DF000F03A6 /* Game_EngineTests.swift in Sources */,
			);
			runOnlyForDeploymentPostprocessing = 0;
		};
		CB624742272F10DF000F03A6 /* Sources */ = {
			isa = PBXSourcesBuildPhase;
			buildActionMask = 2147483647;
			files = (
				CB62474D272F10DF000F03A6 /* Game_EngineUITestsLaunchTests.swift in Sources */,
				CB62474B272F10DF000F03A6 /* Game_EngineUITests.swift in Sources */,
			);
			runOnlyForDeploymentPostprocessing = 0;
		};
/* End PBXSourcesBuildPhase section */

/* Begin PBXTargetDependency section */
		CB62473E272F10DF000F03A6 /* PBXTargetDependency */ = {
			isa = PBXTargetDependency;
			target = CB624727272F10DB000F03A6 /* Game Engine */;
			targetProxy = CB62473D272F10DF000F03A6 /* PBXContainerItemProxy */;
		};
		CB624748272F10DF000F03A6 /* PBXTargetDependency */ = {
			isa = PBXTargetDependency;
			target = CB624727272F10DB000F03A6 /* Game Engine */;
			targetProxy = CB624747272F10DF000F03A6 /* PBXContainerItemProxy */;
		};
/* End PBXTargetDependency section */

/* Begin PBXVariantGroup section */
		CB624734272F10DE000F03A6 /* Main.storyboard */ = {
			isa = PBXVariantGroup;
			children = (
				CB624735272F10DE000F03A6 /* Base */,
			);
			name = Main.storyboard;
			sourceTree = "<group>";
		};
/* End PBXVariantGroup section */

/* Begin XCBuildConfiguration section */
		CB62474E272F10DF000F03A6 /* Debug */ = {
			isa = XCBuildConfiguration;
			buildSettings = {
				ALWAYS_SEARCH_USER_PATHS = NO;
				CLANG_ANALYZER_NONNULL = YES;
				CLANG_ANALYZER_NUMBER_OBJECT_CONVERSION = YES_AGGRESSIVE;
				CLANG_CXX_LANGUAGE_STANDARD = "gnu++17";
				CLANG_CXX_LIBRARY = "libc++";
				CLANG_ENABLE_MODULES = YES;
				CLANG_ENABLE_OBJC_ARC = YES;
				CLANG_ENABLE_OBJC_WEAK = YES;
				CLANG_WARN_BLOCK_CAPTURE_AUTORELEASING = YES;
				CLANG_WARN_BOOL_CONVERSION = YES;
				CLANG_WARN_COMMA = YES;
				CLANG_WARN_CONSTANT_CONVERSION = YES;
				CLANG_WARN_DEPRECATED_OBJC_IMPLEMENTATIONS = YES;
				CLANG_WARN_DIRECT_OBJC_ISA_USAGE = YES_ERROR;
				CLANG_WARN_DOCUMENTATION_COMMENTS = YES;
				CLANG_WARN_EMPTY_BODY = YES;
				CLANG_WARN_ENUM_CONVERSION = YES;
				CLANG_WARN_INFINITE_RECURSION = YES;
				CLANG_WARN_INT_CONVERSION = YES;
				CLANG_WARN_NON_LITERAL_NULL_CONVERSION = YES;
				CLANG_WARN_OBJC_IMPLICIT_RETAIN_SELF = YES;
				CLANG_WARN_OBJC_LITERAL_CONVERSION = YES;
				CLANG_WARN_OBJC_ROOT_CLASS = YES_ERROR;
				CLANG_WARN_QUOTED_INCLUDE_IN_FRAMEWORK_HEADER = YES;
				CLANG_WARN_RANGE_LOOP_ANALYSIS = YES;
				CLANG_WARN_STRICT_PROTOTYPES = YES;
				CLANG_WARN_SUSPICIOUS_MOVE = YES;
				CLANG_WARN_UNGUARDED_AVAILABILITY = YES_AGGRESSIVE;
				CLANG_WARN_UNREACHABLE_CODE = YES;
				CLANG_WARN__DUPLICATE_METHOD_MATCH = YES;
				COPY_PHASE_STRIP = NO;
				DEBUG_INFORMATION_FORMAT = dwarf;
				ENABLE_STRICT_OBJC_MSGSEND = YES;
				ENABLE_TESTABILITY = YES;
				GCC_C_LANGUAGE_STANDARD = gnu11;
				GCC_DYNAMIC_NO_PIC = NO;
				GCC_NO_COMMON_BLOCKS = YES;
				GCC_OPTIMIZATION_LEVEL = 0;
				GCC_PREPROCESSOR_DEFINITIONS = (
					"DEBUG=1",
					"$(inherited)",
				);
				GCC_WARN_64_TO_32_BIT_CONVERSION = YES;
				GCC_WARN_ABOUT_RETURN_TYPE = YES_ERROR;
				GCC_WARN_UNDECLARED_SELECTOR = YES;
				GCC_WARN_UNINITIALIZED_AUTOS = YES_AGGRESSIVE;
				GCC_WARN_UNUSED_FUNCTION = YES;
				GCC_WARN_UNUSED_VARIABLE = YES;
				MACOSX_DEPLOYMENT_TARGET = 12.0;
				MTL_ENABLE_DEBUG_INFO = INCLUDE_SOURCE;
				MTL_FAST_MATH = YES;
				ONLY_ACTIVE_ARCH = YES;
				SDKROOT = macosx;
				SWIFT_ACTIVE_COMPILATION_CONDITIONS = DEBUG;
				SWIFT_OPTIMIZATION_LEVEL = "-Onone";
			};
			name = Debug;
		};
		CB62474F272F10DF000F03A6 /* Release */ = {
			isa = XCBuildConfiguration;
			buildSettings = {
				ALWAYS_SEARCH_USER_PATHS = NO;
				CLANG_ANALYZER_NONNULL = YES;
				CLANG_ANALYZER_NUMBER_OBJECT_CONVERSION = YES_AGGRESSIVE;
				CLANG_CXX_LANGUAGE_STANDARD = "gnu++17";
				CLANG_CXX_LIBRARY = "libc++";
				CLANG_ENABLE_MODULES = YES;
				CLANG_ENABLE_OBJC_ARC = YES;
				CLANG_ENABLE_OBJC_WEAK = YES;
				CLANG_WARN_BLOCK_CAPTURE_AUTORELEASING = YES;
				CLANG_WARN_BOOL_CONVERSION = YES;
				CLANG_WARN_COMMA = YES;
				CLANG_WARN_CONSTANT_CONVERSION = YES;
				CLANG_WARN_DEPRECATED_OBJC_IMPLEMENTATIONS = YES;
				CLANG_WARN_DIRECT_OBJC_ISA_USAGE = YES_ERROR;
				CLANG_WARN_DOCUMENTATION_COMMENTS = YES;
				CLANG_WARN_EMPTY_BODY = YES;
				CLANG_WARN_ENUM_CONVERSION = YES;
				CLANG_WARN_INFINITE_RECURSION = YES;
				CLANG_WARN_INT_CONVERSION = YES;
				CLANG_WARN_NON_LITERAL_NULL_CONVERSION = YES;
				CLANG_WARN_OBJC_IMPLICIT_RETAIN_SELF = YES;
				CLANG_WARN_OBJC_LITERAL_CONVERSION = YES;
				CLANG_WARN_OBJC_ROOT_CLASS = YES_ERROR;
				CLANG_WARN_QUOTED_INCLUDE_IN_FRAMEWORK_HEADER = YES;
				CLANG_WARN_RANGE_LOOP_ANALYSIS = YES;
				CLANG_WARN_STRICT_PROTOTYPES = YES;
				CLANG_WARN_SUSPICIOUS_MOVE = YES;
				CLANG_WARN_UNGUARDED_AVAILABILITY = YES_AGGRESSIVE;
				CLANG_WARN_UNREACHABLE_CODE = YES;
				CLANG_WARN__DUPLICATE_METHOD_MATCH = YES;
				COPY_PHASE_STRIP = NO;
				DEBUG_INFORMATION_FORMAT = "dwarf-with-dsym";
				ENABLE_NS_ASSERTIONS = NO;
				ENABLE_STRICT_OBJC_MSGSEND = YES;
				GCC_C_LANGUAGE_STANDARD = gnu11;
				GCC_NO_COMMON_BLOCKS = YES;
				GCC_WARN_64_TO_32_BIT_CONVERSION = YES;
				GCC_WARN_ABOUT_RETURN_TYPE = YES_ERROR;
				GCC_WARN_UNDECLARED_SELECTOR = YES;
				GCC_WARN_UNINITIALIZED_AUTOS = YES_AGGRESSIVE;
				GCC_WARN_UNUSED_FUNCTION = YES;
				GCC_WARN_UNUSED_VARIABLE = YES;
				MACOSX_DEPLOYMENT_TARGET = 12.0;
				MTL_ENABLE_DEBUG_INFO = NO;
				MTL_FAST_MATH = YES;
				SDKROOT = macosx;
				SWIFT_COMPILATION_MODE = wholemodule;
				SWIFT_OPTIMIZATION_LEVEL = "-O";
			};
			name = Release;
		};
		CB624751272F10DF000F03A6 /* Debug */ = {
			isa = XCBuildConfiguration;
			buildSettings = {
				ASSETCATALOG_COMPILER_APPICON_NAME = AppIcon;
				ASSETCATALOG_COMPILER_GLOBAL_ACCENT_COLOR_NAME = AccentColor;
				CODE_SIGN_ENTITLEMENTS = "Game Engine/Other Files/Game_Engine.entitlements";
				CODE_SIGN_IDENTITY = "Apple Development";
				CODE_SIGN_STYLE = Automatic;
				COMBINE_HIDPI_IMAGES = YES;
				CURRENT_PROJECT_VERSION = 1;
				DEVELOPMENT_TEAM = 974VNYM3V8;
				ENABLE_HARDENED_RUNTIME = YES;
				GENERATE_INFOPLIST_FILE = YES;
				INFOPLIST_KEY_NSHumanReadableCopyright = "";
				INFOPLIST_KEY_NSMainStoryboardFile = Main;
				INFOPLIST_KEY_NSPrincipalClass = NSApplication;
				LD_RUNPATH_SEARCH_PATHS = (
					"$(inherited)",
					"@executable_path/../Frameworks",
				);
				MACOSX_DEPLOYMENT_TARGET = 10.15;
				MARKETING_VERSION = 1.0;
				PRODUCT_BUNDLE_IDENTIFIER = "com.karlgrof.Game-Engine";
				PRODUCT_NAME = "$(TARGET_NAME)";
				SWIFT_EMIT_LOC_STRINGS = YES;
				SWIFT_VERSION = 5.0;
			};
			name = Debug;
		};
		CB624752272F10DF000F03A6 /* Release */ = {
			isa = XCBuildConfiguration;
			buildSettings = {
				ASSETCATALOG_COMPILER_APPICON_NAME = AppIcon;
				ASSETCATALOG_COMPILER_GLOBAL_ACCENT_COLOR_NAME = AccentColor;
				CODE_SIGN_ENTITLEMENTS = "Game Engine/Other Files/Game_Engine.entitlements";
				CODE_SIGN_IDENTITY = "Apple Development";
				CODE_SIGN_STYLE = Automatic;
				COMBINE_HIDPI_IMAGES = YES;
				CURRENT_PROJECT_VERSION = 1;
				DEVELOPMENT_TEAM = 974VNYM3V8;
				ENABLE_HARDENED_RUNTIME = YES;
				GENERATE_INFOPLIST_FILE = YES;
				INFOPLIST_KEY_NSHumanReadableCopyright = "";
				INFOPLIST_KEY_NSMainStoryboardFile = Main;
				INFOPLIST_KEY_NSPrincipalClass = NSApplication;
				LD_RUNPATH_SEARCH_PATHS = (
					"$(inherited)",
					"@executable_path/../Frameworks",
				);
				MACOSX_DEPLOYMENT_TARGET = 10.15;
				MARKETING_VERSION = 1.0;
				PRODUCT_BUNDLE_IDENTIFIER = "com.karlgrof.Game-Engine";
				PRODUCT_NAME = "$(TARGET_NAME)";
				SWIFT_EMIT_LOC_STRINGS = YES;
				SWIFT_VERSION = 5.0;
			};
			name = Release;
		};
		CB624754272F10DF000F03A6 /* Debug */ = {
			isa = XCBuildConfiguration;
			buildSettings = {
				ALWAYS_EMBED_SWIFT_STANDARD_LIBRARIES = YES;
				BUNDLE_LOADER = "$(TEST_HOST)";
				CODE_SIGN_STYLE = Automatic;
				COMBINE_HIDPI_IMAGES = YES;
				CURRENT_PROJECT_VERSION = 1;
				DEVELOPMENT_TEAM = UMCK83YLA6;
				GENERATE_INFOPLIST_FILE = YES;
				LD_RUNPATH_SEARCH_PATHS = (
					"$(inherited)",
					"@executable_path/../Frameworks",
					"@loader_path/../Frameworks",
				);
				MACOSX_DEPLOYMENT_TARGET = 10.15;
				MARKETING_VERSION = 1.0;
				PRODUCT_BUNDLE_IDENTIFIER = "com.karlgrof.Game-EngineTests";
				PRODUCT_NAME = "$(TARGET_NAME)";
				SWIFT_EMIT_LOC_STRINGS = NO;
				SWIFT_VERSION = 5.0;
				TEST_HOST = "$(BUILT_PRODUCTS_DIR)/Game Engine.app/Contents/MacOS/Game Engine";
			};
			name = Debug;
		};
		CB624755272F10DF000F03A6 /* Release */ = {
			isa = XCBuildConfiguration;
			buildSettings = {
				ALWAYS_EMBED_SWIFT_STANDARD_LIBRARIES = YES;
				BUNDLE_LOADER = "$(TEST_HOST)";
				CODE_SIGN_STYLE = Automatic;
				COMBINE_HIDPI_IMAGES = YES;
				CURRENT_PROJECT_VERSION = 1;
				DEVELOPMENT_TEAM = UMCK83YLA6;
				GENERATE_INFOPLIST_FILE = YES;
				LD_RUNPATH_SEARCH_PATHS = (
					"$(inherited)",
					"@executable_path/../Frameworks",
					"@loader_path/../Frameworks",
				);
				MACOSX_DEPLOYMENT_TARGET = 10.15;
				MARKETING_VERSION = 1.0;
				PRODUCT_BUNDLE_IDENTIFIER = "com.karlgrof.Game-EngineTests";
				PRODUCT_NAME = "$(TARGET_NAME)";
				SWIFT_EMIT_LOC_STRINGS = NO;
				SWIFT_VERSION = 5.0;
				TEST_HOST = "$(BUILT_PRODUCTS_DIR)/Game Engine.app/Contents/MacOS/Game Engine";
			};
			name = Release;
		};
		CB624757272F10DF000F03A6 /* Debug */ = {
			isa = XCBuildConfiguration;
			buildSettings = {
				ALWAYS_EMBED_SWIFT_STANDARD_LIBRARIES = YES;
				CODE_SIGN_STYLE = Automatic;
				COMBINE_HIDPI_IMAGES = YES;
				CURRENT_PROJECT_VERSION = 1;
				DEVELOPMENT_TEAM = UMCK83YLA6;
				GENERATE_INFOPLIST_FILE = YES;
				LD_RUNPATH_SEARCH_PATHS = (
					"$(inherited)",
					"@executable_path/../Frameworks",
					"@loader_path/../Frameworks",
				);
				MARKETING_VERSION = 1.0;
				PRODUCT_BUNDLE_IDENTIFIER = "com.karlgrof.Game-EngineUITests";
				PRODUCT_NAME = "$(TARGET_NAME)";
				SWIFT_EMIT_LOC_STRINGS = NO;
				SWIFT_VERSION = 5.0;
				TEST_TARGET_NAME = "Game Engine";
			};
			name = Debug;
		};
		CB624758272F10DF000F03A6 /* Release */ = {
			isa = XCBuildConfiguration;
			buildSettings = {
				ALWAYS_EMBED_SWIFT_STANDARD_LIBRARIES = YES;
				CODE_SIGN_STYLE = Automatic;
				COMBINE_HIDPI_IMAGES = YES;
				CURRENT_PROJECT_VERSION = 1;
				DEVELOPMENT_TEAM = UMCK83YLA6;
				GENERATE_INFOPLIST_FILE = YES;
				LD_RUNPATH_SEARCH_PATHS = (
					"$(inherited)",
					"@executable_path/../Frameworks",
					"@loader_path/../Frameworks",
				);
				MARKETING_VERSION = 1.0;
				PRODUCT_BUNDLE_IDENTIFIER = "com.karlgrof.Game-EngineUITests";
				PRODUCT_NAME = "$(TARGET_NAME)";
				SWIFT_EMIT_LOC_STRINGS = NO;
				SWIFT_VERSION = 5.0;
				TEST_TARGET_NAME = "Game Engine";
			};
			name = Release;
		};
/* End XCBuildConfiguration section */

/* Begin XCConfigurationList section */
		CB624723272F10DB000F03A6 /* Build configuration list for PBXProject "Game Engine" */ = {
			isa = XCConfigurationList;
			buildConfigurations = (
				CB62474E272F10DF000F03A6 /* Debug */,
				CB62474F272F10DF000F03A6 /* Release */,
			);
			defaultConfigurationIsVisible = 0;
			defaultConfigurationName = Release;
		};
		CB624750272F10DF000F03A6 /* Build configuration list for PBXNativeTarget "Game Engine" */ = {
			isa = XCConfigurationList;
			buildConfigurations = (
				CB624751272F10DF000F03A6 /* Debug */,
				CB624752272F10DF000F03A6 /* Release */,
			);
			defaultConfigurationIsVisible = 0;
			defaultConfigurationName = Release;
		};
		CB624753272F10DF000F03A6 /* Build configuration list for PBXNativeTarget "Game EngineTests" */ = {
			isa = XCConfigurationList;
			buildConfigurations = (
				CB624754272F10DF000F03A6 /* Debug */,
				CB624755272F10DF000F03A6 /* Release */,
			);
			defaultConfigurationIsVisible = 0;
			defaultConfigurationName = Release;
		};
		CB624756272F10DF000F03A6 /* Build configuration list for PBXNativeTarget "Game EngineUITests" */ = {
			isa = XCConfigurationList;
			buildConfigurations = (
				CB624757272F10DF000F03A6 /* Debug */,
				CB624758272F10DF000F03A6 /* Release */,
			);
			defaultConfigurationIsVisible = 0;
			defaultConfigurationName = Release;
		};
/* End XCConfigurationList section */

/* Begin XCVersionGroup section */
		CB62472F272F10DB000F03A6 /* Game_Engine.xcdatamodeld */ = {
			isa = XCVersionGroup;
			children = (
				CB624730272F10DB000F03A6 /* Game_Engine.xcdatamodel */,
			);
			currentVersion = CB624730272F10DB000F03A6 /* Game_Engine.xcdatamodel */;
			path = Game_Engine.xcdatamodeld;
			sourceTree = "<group>";
			versionGroupType = wrapper.xcdatamodel;
		};
/* End XCVersionGroup section */
	};
	rootObject = CB624720272F10DB000F03A6 /* Project object */;
}
